
Microsoft Visual Studio Solution File, Format Version 12.00
# Visual Studio 15
VisualStudioVersion = 15.0.27130.2036
MinimumVisualStudioVersion = 10.0.40219.1
Project("{FAE04EC0-301F-11D3-BF4B-00C04F79EFBC}") = "SerialNumberGenerator", "SerialNumberGenerator\SerialNumberGenerator.csproj", "{2050D593-BA51-4D7A-AF6B-1E6339645388}"
EndProject
Global
	GlobalSection(SolutionConfigurationPlatforms) = preSolution
		Debug|Any CPU = Debug|Any CPU
		Release|Any CPU = Release|Any CPU
	EndGlobalSection
	GlobalSection(ProjectConfigurationPlatforms) = postSolution
		{2050D593-BA51-4D7A-AF6B-1E6339645388}.Debug|Any CPU.ActiveCfg = Debug|Any CPU
		{2050D593-BA51-4D7A-AF6B-1E6339645388}.Debug|Any CPU.Build.0 = Debug|Any CPU
		{2050D593-BA51-4D7A-AF6B-1E6339645388}.Release|Any CPU.ActiveCfg = Release|Any CPU
		{2050D593-BA51-4D7A-AF6B-1E6339645388}.Release|Any CPU.Build.0 = Release|Any CPU
	EndGlobalSection
	GlobalSection(SolutionProperties) = preSolution
		HideSolutionNode = FALSE
	EndGlobalSection
	GlobalSection(ExtensibilityGlobals) = postSolution
		SolutionGuid = {CE6C95FE-9DCD-4337-BA03-F48C7A01160B}
	EndGlobalSection
EndGlobal
